
Microsoft Visual Studio Solution File, Format Version 12.00
# Visual Studio Version 16
VisualStudioVersion = 16.0.29418.71
MinimumVisualStudioVersion = 10.0.40219.1
Project("{FAE04EC0-301F-11D3-BF4B-00C04F79EFBC}") = "ComicBookGallery", "ComicBookGallery\ComicBookGallery.csproj", "{CDFD77B1-2CB9-4B08-91C6-F0FB177B72E8}"
EndProject
Project("{FAE04EC0-301F-11D3-BF4B-00C04F79EFBC}") = "ComicBookGallery.Tests", "ComicBookGallery.Tests\ComicBookGallery.Tests.csproj", "{987283E0-153F-4344-A36E-AB0178B44D3D}"
EndProject
Project("{FAE04EC0-301F-11D3-BF4B-00C04F79EFBC}") = "ComicBookGallery.MS.Tests", "ComicBookGallery.MS.Tests\ComicBookGallery.MS.Tests.csproj", "{9679BB38-254E-4AF3-A376-FB9891D57B0A}"
EndProject
Global
	GlobalSection(SolutionConfigurationPlatforms) = preSolution
		Debug|Any CPU = Debug|Any CPU
		Release|Any CPU = Release|Any CPU
	EndGlobalSection
	GlobalSection(ProjectConfigurationPlatforms) = postSolution
		{CDFD77B1-2CB9-4B08-91C6-F0FB177B72E8}.Debug|Any CPU.ActiveCfg = Debug|Any CPU
		{CDFD77B1-2CB9-4B08-91C6-F0FB177B72E8}.Debug|Any CPU.Build.0 = Debug|Any CPU
		{CDFD77B1-2CB9-4B08-91C6-F0FB177B72E8}.Release|Any CPU.ActiveCfg = Release|Any CPU
		{CDFD77B1-2CB9-4B08-91C6-F0FB177B72E8}.Release|Any CPU.Build.0 = Release|Any CPU
		{987283E0-153F-4344-A36E-AB0178B44D3D}.Debug|Any CPU.ActiveCfg = Debug|Any CPU
		{987283E0-153F-4344-A36E-AB0178B44D3D}.Debug|Any CPU.Build.0 = Debug|Any CPU
		{987283E0-153F-4344-A36E-AB0178B44D3D}.Release|Any CPU.ActiveCfg = Release|Any CPU
		{987283E0-153F-4344-A36E-AB0178B44D3D}.Release|Any CPU.Build.0 = Release|Any CPU
		{9679BB38-254E-4AF3-A376-FB9891D57B0A}.Debug|Any CPU.ActiveCfg = Debug|Any CPU
		{9679BB38-254E-4AF3-A376-FB9891D57B0A}.Debug|Any CPU.Build.0 = Debug|Any CPU
		{9679BB38-254E-4AF3-A376-FB9891D57B0A}.Release|Any CPU.ActiveCfg = Release|Any CPU
		{9679BB38-254E-4AF3-A376-FB9891D57B0A}.Release|Any CPU.Build.0 = Release|Any CPU
	EndGlobalSection
	GlobalSection(SolutionProperties) = preSolution
		HideSolutionNode = FALSE
	EndGlobalSection
	GlobalSection(ExtensibilityGlobals) = postSolution
		SolutionGuid = {229C72A1-6C24-4181-B3F0-AD9E4D4A3CC3}
	EndGlobalSection
EndGlobal
